
Microsoft Visual Studio Solution File, Format Version 12.00
# Visual Studio Version 17
VisualStudioVersion = 17.13.35919.96 d17.13
MinimumVisualStudioVersion = 10.0.40219.1
Project("{FAE04EC0-301F-11D3-BF4B-00C04F79EFBC}") = "HotelED", "HotelED\HotelED.csproj", "{7DA6EAFF-77B0-426D-831D-FF845C580AC6}"
EndProject
Global
	GlobalSection(SolutionConfigurationPlatforms) = preSolution
		Debug|Any CPU = Debug|Any CPU
		Release|Any CPU = Release|Any CPU
	EndGlobalSection
	GlobalSection(ProjectConfigurationPlatforms) = postSolution
		{7DA6EAFF-77B0-426D-831D-FF845C580AC6}.Debug|Any CPU.ActiveCfg = Debug|Any CPU
		{7DA6EAFF-77B0-426D-831D-FF845C580AC6}.Debug|Any CPU.Build.0 = Debug|Any CPU
		{7DA6EAFF-77B0-426D-831D-FF845C580AC6}.Release|Any CPU.ActiveCfg = Release|Any CPU
		{7DA6EAFF-77B0-426D-831D-FF845C580AC6}.Release|Any CPU.Build.0 = Release|Any CPU
	EndGlobalSection
	GlobalSection(SolutionProperties) = preSolution
		HideSolutionNode = FALSE
	EndGlobalSection
	GlobalSection(ExtensibilityGlobals) = postSolution
		SolutionGuid = {B4134789-AB74-4A50-8D32-40738BB67CD2}
	EndGlobalSection
EndGlobal
